
Microsoft Visual Studio Solution File, Format Version 12.00
# Visual Studio Version 16
VisualStudioVersion = 16.0.30804.86
MinimumVisualStudioVersion = 10.0.40219.1
Project("{2150E333-8FDC-42A3-9474-1A3956D46DE8}") = "src", "src", "{B7640947-0573-4F62-8B41-DB4740B149CC}"
EndProject
Project("{2150E333-8FDC-42A3-9474-1A3956D46DE8}") = "tests", "tests", "{E4641070-6CC1-4D57-B5E6-203F249BCFB4}"
EndProject
Project("{9A19103F-16F7-4668-BE54-9A1E7A4F7556}") = "Glader.Essentials.Common", "src\Glader.Essentials.Common\Glader.Essentials.Common.csproj", "{5F28749F-98DE-4098-9DC3-9E1CAE27B755}"
EndProject
Project("{9A19103F-16F7-4668-BE54-9A1E7A4F7556}") = "Glader.Essentials.Unity", "src\Glader.Essentials.Unity\Glader.Essentials.Unity.csproj", "{0C6B9A63-A44F-45BE-9DC6-86E75545B388}"
EndProject
Project("{9A19103F-16F7-4668-BE54-9A1E7A4F7556}") = "Glader.Essentials.GameFramework", "src\Glader.Essentials.GameFramework\Glader.Essentials.GameFramework.csproj", "{CC2D96C7-4D73-494A-8B16-3DBB5EB0751F}"
EndProject
Project("{9A19103F-16F7-4668-BE54-9A1E7A4F7556}") = "Glader.Essentials.Models", "src\Glader.Essentials.Models\Glader.Essentials.Models.csproj", "{20AEF8A5-D015-490B-B52E-46539F1194C6}"
EndProject
Project("{9A19103F-16F7-4668-BE54-9A1E7A4F7556}") = "Glader.Essentials.Database", "src\Glader.Essentials.Database\Glader.Essentials.Database.csproj", "{CB11D4FA-5DA4-4A8D-9C17-E33248D3FF88}"
EndProject
Project("{9A19103F-16F7-4668-BE54-9A1E7A4F7556}") = "Glader.Essentials.Events", "src\Glader.Essentials.Events\Glader.Essentials.Events.csproj", "{A85E4F67-789B-4460-B7AE-93F66A3721CD}"
EndProject
Project("{9A19103F-16F7-4668-BE54-9A1E7A4F7556}") = "Glader.Essentials.Refit", "src\Glader.Essentials.Refit\Glader.Essentials.Refit.csproj", "{AFC95322-28BE-4F5B-9C2E-AFAF22EB8BEE}"
EndProject
Project("{9A19103F-16F7-4668-BE54-9A1E7A4F7556}") = "Glader.Essentials.ASP", "src\Glader.Essentials.ASP\Glader.Essentials.ASP.csproj", "{82624E3B-23A8-4B8F-8537-691E9B99772B}"
EndProject
Project("{9A19103F-16F7-4668-BE54-9A1E7A4F7556}") = "Glader.Essentials.ECS", "src\Glader.Essentials.ECS\Glader.Essentials.ECS.csproj", "{8141CC98-CAAE-42EC-8F68-E9630FDB78C7}"
EndProject
Project("{9A19103F-16F7-4668-BE54-9A1E7A4F7556}") = "Glader.Essentials.UI", "src\Glader.Essentials.UI\Glader.Essentials.UI.csproj", "{4C3DF7D4-A083-43B5-B093-EDD825AE5178}"
EndProject
Project("{9A19103F-16F7-4668-BE54-9A1E7A4F7556}") = "Glader.Essentials.GUID", "src\Glader.Essentials.GUID\Glader.Essentials.GUID.csproj", "{144A5C00-C6BC-4E7C-97DC-B256C566A055}"
EndProject
Project("{9A19103F-16F7-4668-BE54-9A1E7A4F7556}") = "Glader.Essentials.Tests", "tests\Glader.Essentials.Tests\Glader.Essentials.Tests.csproj", "{0D4B30DB-ABE4-41EB-96F3-2295ECB9441E}"
EndProject
Project("{9A19103F-16F7-4668-BE54-9A1E7A4F7556}") = "Glader.Essentials.MessageHandler", "src\Glader.Essentials.MessageHandler\Glader.Essentials.MessageHandler.csproj", "{01BF6F50-6153-44A6-8E89-8FA3EC446D1F}"
EndProject
Project("{9A19103F-16F7-4668-BE54-9A1E7A4F7556}") = "Glader.Essentials.Unity.Editor", "src\Glader.Essentials.Unity.Editor\Glader.Essentials.Unity.Editor.csproj", "{6D8C70DE-6730-4939-BF72-5CD63142930F}"
EndProject
Project("{9A19103F-16F7-4668-BE54-9A1E7A4F7556}") = "Glader.Essentials.SourceGenerator", "src\Glader.Essentials.SourceGenerator\Glader.Essentials.SourceGenerator.csproj", "{BD22C2A4-BDCD-4645-A4D1-500D54236214}"
EndProject
Project("{9A19103F-16F7-4668-BE54-9A1E7A4F7556}") = "Glader.Essentials.EventBus", "src\Glader.Essentials.EventBus\Glader.Essentials.EventBus.csproj", "{7A8B2C89-8D8A-40C2-8A00-1C1624FD694A}"
EndProject
Project("{9A19103F-16F7-4668-BE54-9A1E7A4F7556}") = "Glader.Essentials.EventBus.Tests", "tests\Glader.Essentials.EventBus.Tests\Glader.Essentials.EventBus.Tests.csproj", "{64641414-1CB6-4E46-AF08-5436B461FF6F}"
EndProject
Project("{9A19103F-16F7-4668-BE54-9A1E7A4F7556}") = "Glader.Essentials.Unity.Input", "src\Glader.Essentials.Unity.Input\Glader.Essentials.Unity.Input.csproj", "{5679ABCE-476D-46ED-871B-E76CA265929E}"
EndProject
Project("{9A19103F-16F7-4668-BE54-9A1E7A4F7556}") = "Glader.Essentials.AutoFac", "src\Glader.Essentials.AutoFac\Glader.Essentials.AutoFac.csproj", "{9E5CD447-BC12-484F-A118-1AB8A1C06A7F}"
EndProject
Project("{9A19103F-16F7-4668-BE54-9A1E7A4F7556}") = "Glader.Essentials.Unity.WebGLHTTP", "src\Glader.Essentials.Unity.WebGLHTTP\Glader.Essentials.Unity.WebGLHTTP.csproj", "{54203758-AB11-4AE9-882E-775962AF88A7}"
EndProject
Global
	GlobalSection(SolutionConfigurationPlatforms) = preSolution
		Debug|Any CPU = Debug|Any CPU
		Release|Any CPU = Release|Any CPU
	EndGlobalSection
	GlobalSection(ProjectConfigurationPlatforms) = postSolution
		{5F28749F-98DE-4098-9DC3-9E1CAE27B755}.Debug|Any CPU.ActiveCfg = Debug|Any CPU
		{5F28749F-98DE-4098-9DC3-9E1CAE27B755}.Debug|Any CPU.Build.0 = Debug|Any CPU
		{5F28749F-98DE-4098-9DC3-9E1CAE27B755}.Release|Any CPU.ActiveCfg = Release|Any CPU
		{5F28749F-98DE-4098-9DC3-9E1CAE27B755}.Release|Any CPU.Build.0 = Release|Any CPU
		{0C6B9A63-A44F-45BE-9DC6-86E75545B388}.Debug|Any CPU.ActiveCfg = Debug|Any CPU
		{0C6B9A63-A44F-45BE-9DC6-86E75545B388}.Debug|Any CPU.Build.0 = Debug|Any CPU
		{0C6B9A63-A44F-45BE-9DC6-86E75545B388}.Release|Any CPU.ActiveCfg = Release|Any CPU
		{0C6B9A63-A44F-45BE-9DC6-86E75545B388}.Release|Any CPU.Build.0 = Release|Any CPU
		{CC2D96C7-4D73-494A-8B16-3DBB5EB0751F}.Debug|Any CPU.ActiveCfg = Debug|Any CPU
		{CC2D96C7-4D73-494A-8B16-3DBB5EB0751F}.Debug|Any CPU.Build.0 = Debug|Any CPU
		{CC2D96C7-4D73-494A-8B16-3DBB5EB0751F}.Release|Any CPU.ActiveCfg = Release|Any CPU
		{CC2D96C7-4D73-494A-8B16-3DBB5EB0751F}.Release|Any CPU.Build.0 = Release|Any CPU
		{20AEF8A5-D015-490B-B52E-46539F1194C6}.Debug|Any CPU.ActiveCfg = Debug|Any CPU
		{20AEF8A5-D015-490B-B52E-46539F1194C6}.Debug|Any CPU.Build.0 = Debug|Any CPU
		{20AEF8A5-D015-490B-B52E-46539F1194C6}.Release|Any CPU.ActiveCfg = Release|Any CPU
		{20AEF8A5-D015-490B-B52E-46539F1194C6}.Release|Any CPU.Build.0 = Release|Any CPU
		{CB11D4FA-5DA4-4A8D-9C17-E33248D3FF88}.Debug|Any CPU.ActiveCfg = Debug|Any CPU
		{CB11D4FA-5DA4-4A8D-9C17-E33248D3FF88}.Debug|Any CPU.Build.0 = Debug|Any CPU
		{CB11D4FA-5DA4-4A8D-9C17-E33248D3FF88}.Release|Any CPU.ActiveCfg = Release|Any CPU
		{CB11D4FA-5DA4-4A8D-9C17-E33248D3FF88}.Release|Any CPU.Build.0 = Release|Any CPU
		{A85E4F67-789B-4460-B7AE-93F66A3721CD}.Debug|Any CPU.ActiveCfg = Debug|Any CPU
		{A85E4F67-789B-4460-B7AE-93F66A3721CD}.Debug|Any CPU.Build.0 = Debug|Any CPU
		{A85E4F67-789B-4460-B7AE-93F66A3721CD}.Release|Any CPU.ActiveCfg = Release|Any CPU
		{A85E4F67-789B-4460-B7AE-93F66A3721CD}.Release|Any CPU.Build.0 = Release|Any CPU
		{AFC95322-28BE-4F5B-9C2E-AFAF22EB8BEE}.Debug|Any CPU.ActiveCfg = Debug|Any CPU
		{AFC95322-28BE-4F5B-9C2E-AFAF22EB8BEE}.Debug|Any CPU.Build.0 = Debug|Any CPU
		{AFC95322-28BE-4F5B-9C2E-AFAF22EB8BEE}.Release|Any CPU.ActiveCfg = Release|Any CPU
		{AFC95322-28BE-4F5B-9C2E-AFAF22EB8BEE}.Release|Any CPU.Build.0 = Release|Any CPU
		{82624E3B-23A8-4B8F-8537-691E9B99772B}.Debug|Any CPU.ActiveCfg = Debug|Any CPU
		{82624E3B-23A8-4B8F-8537-691E9B99772B}.Debug|Any CPU.Build.0 = Debug|Any CPU
		{82624E3B-23A8-4B8F-8537-691E9B99772B}.Release|Any CPU.ActiveCfg = Release|Any CPU
		{82624E3B-23A8-4B8F-8537-691E9B99772B}.Release|Any CPU.Build.0 = Release|Any CPU
		{8141CC98-CAAE-42EC-8F68-E9630FDB78C7}.Debug|Any CPU.ActiveCfg = Debug|Any CPU
		{8141CC98-CAAE-42EC-8F68-E9630FDB78C7}.Debug|Any CPU.Build.0 = Debug|Any CPU
		{8141CC98-CAAE-42EC-8F68-E9630FDB78C7}.Release|Any CPU.ActiveCfg = Release|Any CPU
		{8141CC98-CAAE-42EC-8F68-E9630FDB78C7}.Release|Any CPU.Build.0 = Release|Any CPU
		{4C3DF7D4-A083-43B5-B093-EDD825AE5178}.Debug|Any CPU.ActiveCfg = Debug|Any CPU
		{4C3DF7D4-A083-43B5-B093-EDD825AE5178}.Debug|Any CPU.Build.0 = Debug|Any CPU
		{4C3DF7D4-A083-43B5-B093-EDD825AE5178}.Release|Any CPU.ActiveCfg = Release|Any CPU
		{4C3DF7D4-A083-43B5-B093-EDD825AE5178}.Release|Any CPU.Build.0 = Release|Any CPU
		{144A5C00-C6BC-4E7C-97DC-B256C566A055}.Debug|Any CPU.ActiveCfg = Debug|Any CPU
		{144A5C00-C6BC-4E7C-97DC-B256C566A055}.Debug|Any CPU.Build.0 = Debug|Any CPU
		{144A5C00-C6BC-4E7C-97DC-B256C566A055}.Release|Any CPU.ActiveCfg = Release|Any CPU
		{144A5C00-C6BC-4E7C-97DC-B256C566A055}.Release|Any CPU.Build.0 = Release|Any CPU
		{0D4B30DB-ABE4-41EB-96F3-2295ECB9441E}.Debug|Any CPU.ActiveCfg = Debug|Any CPU
		{0D4B30DB-ABE4-41EB-96F3-2295ECB9441E}.Debug|Any CPU.Build.0 = Debug|Any CPU
		{0D4B30DB-ABE4-41EB-96F3-2295ECB9441E}.Release|Any CPU.ActiveCfg = Release|Any CPU
		{0D4B30DB-ABE4-41EB-96F3-2295ECB9441E}.Release|Any CPU.Build.0 = Release|Any CPU
		{01BF6F50-6153-44A6-8E89-8FA3EC446D1F}.Debug|Any CPU.ActiveCfg = Debug|Any CPU
		{01BF6F50-6153-44A6-8E89-8FA3EC446D1F}.Debug|Any CPU.Build.0 = Debug|Any CPU
		{01BF6F50-6153-44A6-8E89-8FA3EC446D1F}.Release|Any CPU.ActiveCfg = Release|Any CPU
		{01BF6F50-6153-44A6-8E89-8FA3EC446D1F}.Release|Any CPU.Build.0 = Release|Any CPU
		{6D8C70DE-6730-4939-BF72-5CD63142930F}.Debug|Any CPU.ActiveCfg = Debug|Any CPU
		{6D8C70DE-6730-4939-BF72-5CD63142930F}.Debug|Any CPU.Build.0 = Debug|Any CPU
		{6D8C70DE-6730-4939-BF72-5CD63142930F}.Release|Any CPU.ActiveCfg = Release|Any CPU
		{6D8C70DE-6730-4939-BF72-5CD63142930F}.Release|Any CPU.Build.0 = Release|Any CPU
		{BD22C2A4-BDCD-4645-A4D1-500D54236214}.Debug|Any CPU.ActiveCfg = Debug|Any CPU
		{BD22C2A4-BDCD-4645-A4D1-500D54236214}.Debug|Any CPU.Build.0 = Debug|Any CPU
		{BD22C2A4-BDCD-4645-A4D1-500D54236214}.Release|Any CPU.ActiveCfg = Release|Any CPU
		{BD22C2A4-BDCD-4645-A4D1-500D54236214}.Release|Any CPU.Build.0 = Release|Any CPU
		{7A8B2C89-8D8A-40C2-8A00-1C1624FD694A}.Debug|Any CPU.ActiveCfg = Debug|Any CPU
		{7A8B2C89-8D8A-40C2-8A00-1C1624FD694A}.Debug|Any CPU.Build.0 = Debug|Any CPU
		{7A8B2C89-8D8A-40C2-8A00-1C1624FD694A}.Release|Any CPU.ActiveCfg = Release|Any CPU
		{7A8B2C89-8D8A-40C2-8A00-1C1624FD694A}.Release|Any CPU.Build.0 = Release|Any CPU
		{64641414-1CB6-4E46-AF08-5436B461FF6F}.Debug|Any CPU.ActiveCfg = Debug|Any CPU
		{64641414-1CB6-4E46-AF08-5436B461FF6F}.Debug|Any CPU.Build.0 = Debug|Any CPU
		{64641414-1CB6-4E46-AF08-5436B461FF6F}.Release|Any CPU.ActiveCfg = Release|Any CPU
		{64641414-1CB6-4E46-AF08-5436B461FF6F}.Release|Any CPU.Build.0 = Release|Any CPU
		{5679ABCE-476D-46ED-871B-E76CA265929E}.Debug|Any CPU.ActiveCfg = Debug|Any CPU
		{5679ABCE-476D-46ED-871B-E76CA265929E}.Debug|Any CPU.Build.0 = Debug|Any CPU
		{5679ABCE-476D-46ED-871B-E76CA265929E}.Release|Any CPU.ActiveCfg = Release|Any CPU
		{5679ABCE-476D-46ED-871B-E76CA265929E}.Release|Any CPU.Build.0 = Release|Any CPU
		{9E5CD447-BC12-484F-A118-1AB8A1C06A7F}.Debug|Any CPU.ActiveCfg = Debug|Any CPU
		{9E5CD447-BC12-484F-A118-1AB8A1C06A7F}.Debug|Any CPU.Build.0 = Debug|Any CPU
		{9E5CD447-BC12-484F-A118-1AB8A1C06A7F}.Release|Any CPU.ActiveCfg = Release|Any CPU
		{9E5CD447-BC12-484F-A118-1AB8A1C06A7F}.Release|Any CPU.Build.0 = Release|Any CPU
		{54203758-AB11-4AE9-882E-775962AF88A7}.Debug|Any CPU.ActiveCfg = Debug|Any CPU
		{54203758-AB11-4AE9-882E-775962AF88A7}.Debug|Any CPU.Build.0 = Debug|Any CPU
		{54203758-AB11-4AE9-882E-775962AF88A7}.Release|Any CPU.ActiveCfg = Release|Any CPU
		{54203758-AB11-4AE9-882E-775962AF88A7}.Release|Any CPU.Build.0 = Release|Any CPU
	EndGlobalSection
	GlobalSection(SolutionProperties) = preSolution
		HideSolutionNode = FALSE
	EndGlobalSection
	GlobalSection(NestedProjects) = preSolution
		{5F28749F-98DE-4098-9DC3-9E1CAE27B755} = {B7640947-0573-4F62-8B41-DB4740B149CC}
		{0C6B9A63-A44F-45BE-9DC6-86E75545B388} = {B7640947-0573-4F62-8B41-DB4740B149CC}
		{CC2D96C7-4D73-494A-8B16-3DBB5EB0751F} = {B7640947-0573-4F62-8B41-DB4740B149CC}
		{20AEF8A5-D015-490B-B52E-46539F1194C6} = {B7640947-0573-4F62-8B41-DB4740B149CC}
		{CB11D4FA-5DA4-4A8D-9C17-E33248D3FF88} = {B7640947-0573-4F62-8B41-DB4740B149CC}
		{A85E4F67-789B-4460-B7AE-93F66A3721CD} = {B7640947-0573-4F62-8B41-DB4740B149CC}
		{AFC95322-28BE-4F5B-9C2E-AFAF22EB8BEE} = {B7640947-0573-4F62-8B41-DB4740B149CC}
		{82624E3B-23A8-4B8F-8537-691E9B99772B} = {B7640947-0573-4F62-8B41-DB4740B149CC}
		{8141CC98-CAAE-42EC-8F68-E9630FDB78C7} = {B7640947-0573-4F62-8B41-DB4740B149CC}
		{4C3DF7D4-A083-43B5-B093-EDD825AE5178} = {B7640947-0573-4F62-8B41-DB4740B149CC}
		{144A5C00-C6BC-4E7C-97DC-B256C566A055} = {B7640947-0573-4F62-8B41-DB4740B149CC}
		{0D4B30DB-ABE4-41EB-96F3-2295ECB9441E} = {E4641070-6CC1-4D57-B5E6-203F249BCFB4}
		{01BF6F50-6153-44A6-8E89-8FA3EC446D1F} = {B7640947-0573-4F62-8B41-DB4740B149CC}
		{6D8C70DE-6730-4939-BF72-5CD63142930F} = {B7640947-0573-4F62-8B41-DB4740B149CC}
		{BD22C2A4-BDCD-4645-A4D1-500D54236214} = {B7640947-0573-4F62-8B41-DB4740B149CC}
		{7A8B2C89-8D8A-40C2-8A00-1C1624FD694A} = {B7640947-0573-4F62-8B41-DB4740B149CC}
		{64641414-1CB6-4E46-AF08-5436B461FF6F} = {E4641070-6CC1-4D57-B5E6-203F249BCFB4}
		{5679ABCE-476D-46ED-871B-E76CA265929E} = {B7640947-0573-4F62-8B41-DB4740B149CC}
		{9E5CD447-BC12-484F-A118-1AB8A1C06A7F} = {B7640947-0573-4F62-8B41-DB4740B149CC}
		{54203758-AB11-4AE9-882E-775962AF88A7} = {B7640947-0573-4F62-8B41-DB4740B149CC}
	EndGlobalSection
	GlobalSection(ExtensibilityGlobals) = postSolution
		SolutionGuid = {7BB23C32-5849-40C0-BB63-705FA3AC4FFB}
	EndGlobalSection
EndGlobal
